// !$*UTF8*$!
{
	archiveVersion = 1;
	classes = {
	};
	objectVersion = 56;
	objects = {

/* Begin PBXBuildFile section */
		1F310C902B8C9A580063ECAB /* FirebaseAnalytics in Frameworks */ = {isa = PBXBuildFile; productRef = 1F310C8F2B8C9A580063ECAB /* FirebaseAnalytics */; };
		1F310C922B8C9A580063ECAB /* FirebaseAnalyticsSwift in Frameworks */ = {isa = PBXBuildFile; productRef = 1F310C912B8C9A580063ECAB /* FirebaseAnalyticsSwift */; };
		1F310C942B8C9A580063ECAB /* FirebaseAuth in Frameworks */ = {isa = PBXBuildFile; productRef = 1F310C932B8C9A580063ECAB /* FirebaseAuth */; };
		1F310C962B8C9A580063ECAB /* FirebaseFirestore in Frameworks */ = {isa = PBXBuildFile; productRef = 1F310C952B8C9A580063ECAB /* FirebaseFirestore */; };
		1F310C982B8C9A580063ECAB /* FirebaseFirestoreSwift in Frameworks */ = {isa = PBXBuildFile; productRef = 1F310C972B8C9A580063ECAB /* FirebaseFirestoreSwift */; };
		1FBC3E8A2B8CDD5700503686 /* GoogleService-Info.plist in Resources */ = {isa = PBXBuildFile; fileRef = 1FBC3E892B8CDD5700503686 /* GoogleService-Info.plist */; };
		1FCD2C5C2B891CD0003EFA7E /* MakeItSoApp.swift in Sources */ = {isa = PBXBuildFile; fileRef = 1FCD2C5B2B891CD0003EFA7E /* MakeItSoApp.swift */; };
		1FCD2C5E2B891CD0003EFA7E /* RemindersListView.swift in Sources */ = {isa = PBXBuildFile; fileRef = 1FCD2C5D2B891CD0003EFA7E /* RemindersListView.swift */; };
		1FCD2C602B891CD2003EFA7E /* Assets.xcassets in Resources */ = {isa = PBXBuildFile; fileRef = 1FCD2C5F2B891CD2003EFA7E /* Assets.xcassets */; };
		1FCD2C632B891CD2003EFA7E /* Preview Assets.xcassets in Resources */ = {isa = PBXBuildFile; fileRef = 1FCD2C622B891CD2003EFA7E /* Preview Assets.xcassets */; };
		1FCD2C6D2B891CD2003EFA7E /* MakeItSoTests.swift in Sources */ = {isa = PBXBuildFile; fileRef = 1FCD2C6C2B891CD2003EFA7E /* MakeItSoTests.swift */; };
		1FCD2C772B891CD2003EFA7E /* MakeItSoUITests.swift in Sources */ = {isa = PBXBuildFile; fileRef = 1FCD2C762B891CD2003EFA7E /* MakeItSoUITests.swift */; };
		1FCD2C792B891CD2003EFA7E /* MakeItSoUITestsLaunchTests.swift in Sources */ = {isa = PBXBuildFile; fileRef = 1FCD2C782B891CD2003EFA7E /* MakeItSoUITestsLaunchTests.swift */; };
		1FCD2C862B891D02003EFA7E /* Reminder.swift in Sources */ = {isa = PBXBuildFile; fileRef = 1FCD2C852B891D02003EFA7E /* Reminder.swift */; };
		1FCD2C882B8920A1003EFA7E /* AddReminderView.swift in Sources */ = {isa = PBXBuildFile; fileRef = 1FCD2C872B8920A1003EFA7E /* AddReminderView.swift */; };
		1FCD2C8F2B892984003EFA7E /* RemindersListViewModel.swift in Sources */ = {isa = PBXBuildFile; fileRef = 1FCD2C8E2B892984003EFA7E /* RemindersListViewModel.swift */; };
		1FCD2C912B892E7D003EFA7E /* RemindersListRowView.swift in Sources */ = {isa = PBXBuildFile; fileRef = 1FCD2C902B892E7D003EFA7E /* RemindersListRowView.swift */; };
		1FCD2C942B8A3B7F003EFA7E /* ReminderToggleStyle.swift in Sources */ = {isa = PBXBuildFile; fileRef = 1FCD2C932B8A3B7F003EFA7E /* ReminderToggleStyle.swift */; };
/* End PBXBuildFile section */

/* Begin PBXContainerItemProxy section */
		1FCD2C692B891CD2003EFA7E /* PBXContainerItemProxy */ = {
			isa = PBXContainerItemProxy;
			containerPortal = 1FCD2C502B891CD0003EFA7E /* Project object */;
			proxyType = 1;
			remoteGlobalIDString = 1FCD2C572B891CD0003EFA7E;
			remoteInfo = MakeItSo;
		};
		1FCD2C732B891CD2003EFA7E /* PBXContainerItemProxy */ = {
			isa = PBXContainerItemProxy;
			containerPortal = 1FCD2C502B891CD0003EFA7E /* Project object */;
			proxyType = 1;
			remoteGlobalIDString = 1FCD2C572B891CD0003EFA7E;
			remoteInfo = MakeItSo;
		};
/* End PBXContainerItemProxy section */

/* Begin PBXFileReference section */
		1FBC3E892B8CDD5700503686 /* GoogleService-Info.plist */ = {isa = PBXFileReference; fileEncoding = 4; lastKnownFileType = text.plist.xml; path = "GoogleService-Info.plist"; sourceTree = "<group>"; };
		1FCD2C582B891CD0003EFA7E /* MakeItSo.app */ = {isa = PBXFileReference; explicitFileType = wrapper.application; includeInIndex = 0; path = MakeItSo.app; sourceTree = BUILT_PRODUCTS_DIR; };
		1FCD2C5B2B891CD0003EFA7E /* MakeItSoApp.swift */ = {isa = PBXFileReference; lastKnownFileType = sourcecode.swift; path = MakeItSoApp.swift; sourceTree = "<group>"; };
		1FCD2C5D2B891CD0003EFA7E /* RemindersListView.swift */ = {isa = PBXFileReference; lastKnownFileType = sourcecode.swift; path = RemindersListView.swift; sourceTree = "<group>"; };
		1FCD2C5F2B891CD2003EFA7E /* Assets.xcassets */ = {isa = PBXFileReference; lastKnownFileType = folder.assetcatalog; path = Assets.xcassets; sourceTree = "<group>"; };
		1FCD2C622B891CD2003EFA7E /* Preview Assets.xcassets */ = {isa = PBXFileReference; lastKnownFileType = folder.assetcatalog; path = "Preview Assets.xcassets"; sourceTree = "<group>"; };
		1FCD2C682B891CD2003EFA7E /* MakeItSoTests.xctest */ = {isa = PBXFileReference; explicitFileType = wrapper.cfbundle; includeInIndex = 0; path = MakeItSoTests.xctest; sourceTree = BUILT_PRODUCTS_DIR; };
		1FCD2C6C2B891CD2003EFA7E /* MakeItSoTests.swift */ = {isa = PBXFileReference; lastKnownFileType = sourcecode.swift; path = MakeItSoTests.swift; sourceTree = "<group>"; };
		1FCD2C722B891CD2003EFA7E /* MakeItSoUITests.xctest */ = {isa = PBXFileReference; explicitFileType = wrapper.cfbundle; includeInIndex = 0; path = MakeItSoUITests.xctest; sourceTree = BUILT_PRODUCTS_DIR; };
		1FCD2C762B891CD2003EFA7E /* MakeItSoUITests.swift */ = {isa = PBXFileReference; lastKnownFileType = sourcecode.swift; path = MakeItSoUITests.swift; sourceTree = "<group>"; };
		1FCD2C782B891CD2003EFA7E /* MakeItSoUITestsLaunchTests.swift */ = {isa = PBXFileReference; lastKnownFileType = sourcecode.swift; path = MakeItSoUITestsLaunchTests.swift; sourceTree = "<group>"; };
		1FCD2C852B891D02003EFA7E /* Reminder.swift */ = {isa = PBXFileReference; lastKnownFileType = sourcecode.swift; path = Reminder.swift; sourceTree = "<group>"; };
		1FCD2C872B8920A1003EFA7E /* AddReminderView.swift */ = {isa = PBXFileReference; lastKnownFileType = sourcecode.swift; path = AddReminderView.swift; sourceTree = "<group>"; };
		1FCD2C8E2B892984003EFA7E /* RemindersListViewModel.swift */ = {isa = PBXFileReference; lastKnownFileType = sourcecode.swift; path = RemindersListViewModel.swift; sourceTree = "<group>"; };
		1FCD2C902B892E7D003EFA7E /* RemindersListRowView.swift */ = {isa = PBXFileReference; lastKnownFileType = sourcecode.swift; path = RemindersListRowView.swift; sourceTree = "<group>"; };
		1FCD2C932B8A3B7F003EFA7E /* ReminderToggleStyle.swift */ = {isa = PBXFileReference; lastKnownFileType = sourcecode.swift; path = ReminderToggleStyle.swift; sourceTree = "<group>"; };
/* End PBXFileReference section */

/* Begin PBXFrameworksBuildPhase section */
		1FCD2C552B891CD0003EFA7E /* Frameworks */ = {
			isa = PBXFrameworksBuildPhase;
			buildActionMask = 2147483647;
			files = (
				1F310C982B8C9A580063ECAB /* FirebaseFirestoreSwift in Frameworks */,
				1F310C922B8C9A580063ECAB /* FirebaseAnalyticsSwift in Frameworks */,
				1F310C962B8C9A580063ECAB /* FirebaseFirestore in Frameworks */,
				1F310C942B8C9A580063ECAB /* FirebaseAuth in Frameworks */,
				1F310C902B8C9A580063ECAB /* FirebaseAnalytics in Frameworks */,
			);
			runOnlyForDeploymentPostprocessing = 0;
		};
		1FCD2C652B891CD2003EFA7E /* Frameworks */ = {
			isa = PBXFrameworksBuildPhase;
			buildActionMask = 2147483647;
			files = (
			);
			runOnlyForDeploymentPostprocessing = 0;
		};
		1FCD2C6F2B891CD2003EFA7E /* Frameworks */ = {
			isa = PBXFrameworksBuildPhase;
			buildActionMask = 2147483647;
			files = (
			);
			runOnlyForDeploymentPostprocessing = 0;
		};
/* End PBXFrameworksBuildPhase section */

/* Begin PBXGroup section */
		1FCD2C4F2B891CD0003EFA7E = {
			isa = PBXGroup;
			children = (
				1FCD2C5A2B891CD0003EFA7E /* MakeItSo */,
				1FCD2C6B2B891CD2003EFA7E /* MakeItSoTests */,
				1FCD2C752B891CD2003EFA7E /* MakeItSoUITests */,
				1FCD2C592B891CD0003EFA7E /* Products */,
			);
			sourceTree = "<group>";
		};
		1FCD2C592B891CD0003EFA7E /* Products */ = {
			isa = PBXGroup;
			children = (
				1FCD2C582B891CD0003EFA7E /* MakeItSo.app */,
				1FCD2C682B891CD2003EFA7E /* MakeItSoTests.xctest */,
				1FCD2C722B891CD2003EFA7E /* MakeItSoUITests.xctest */,
			);
			name = Products;
			sourceTree = "<group>";
		};
		1FCD2C5A2B891CD0003EFA7E /* MakeItSo */ = {
			isa = PBXGroup;
			children = (
				1FCD2C892B8928D4003EFA7E /* Features */,
				1FCD2C5B2B891CD0003EFA7E /* MakeItSoApp.swift */,
				1FCD2C5F2B891CD2003EFA7E /* Assets.xcassets */,
				1FBC3E892B8CDD5700503686 /* GoogleService-Info.plist */,
				1FCD2C612B891CD2003EFA7E /* Preview Content */,
			);
			path = MakeItSo;
			sourceTree = "<group>";
		};
		1FCD2C612B891CD2003EFA7E /* Preview Content */ = {
			isa = PBXGroup;
			children = (
				1FCD2C622B891CD2003EFA7E /* Preview Assets.xcassets */,
			);
			path = "Preview Content";
			sourceTree = "<group>";
		};
		1FCD2C6B2B891CD2003EFA7E /* MakeItSoTests */ = {
			isa = PBXGroup;
			children = (
				1FCD2C6C2B891CD2003EFA7E /* MakeItSoTests.swift */,
			);
			path = MakeItSoTests;
			sourceTree = "<group>";
		};
		1FCD2C752B891CD2003EFA7E /* MakeItSoUITests */ = {
			isa = PBXGroup;
			children = (
				1FCD2C762B891CD2003EFA7E /* MakeItSoUITests.swift */,
				1FCD2C782B891CD2003EFA7E /* MakeItSoUITestsLaunchTests.swift */,
			);
			path = MakeItSoUITests;
			sourceTree = "<group>";
		};
		1FCD2C892B8928D4003EFA7E /* Features */ = {
			isa = PBXGroup;
			children = (
				1FCD2C8A2B8928DC003EFA7E /* Reminders */,
			);
			path = Features;
			sourceTree = "<group>";
		};
		1FCD2C8A2B8928DC003EFA7E /* Reminders */ = {
			isa = PBXGroup;
			children = (
				1FCD2C8D2B8928F3003EFA7E /* Views */,
				1FCD2C8C2B8928EC003EFA7E /* ViewModels */,
				1FCD2C8B2B8928E6003EFA7E /* Models */,
				1FCD2C922B8A3B44003EFA7E /* Styles */,
			);
			path = Reminders;
			sourceTree = "<group>";
		};
		1FCD2C8B2B8928E6003EFA7E /* Models */ = {
			isa = PBXGroup;
			children = (
				1FCD2C852B891D02003EFA7E /* Reminder.swift */,
			);
			path = Models;
			sourceTree = "<group>";
		};
		1FCD2C8C2B8928EC003EFA7E /* ViewModels */ = {
			isa = PBXGroup;
			children = (
				1FCD2C8E2B892984003EFA7E /* RemindersListViewModel.swift */,
			);
			path = ViewModels;
			sourceTree = "<group>";
		};
		1FCD2C8D2B8928F3003EFA7E /* Views */ = {
			isa = PBXGroup;
			children = (
				1FCD2C872B8920A1003EFA7E /* AddReminderView.swift */,
				1FCD2C5D2B891CD0003EFA7E /* RemindersListView.swift */,
				1FCD2C902B892E7D003EFA7E /* RemindersListRowView.swift */,
			);
			path = Views;
			sourceTree = "<group>";
		};
		1FCD2C922B8A3B44003EFA7E /* Styles */ = {
			isa = PBXGroup;
			children = (
				1FCD2C932B8A3B7F003EFA7E /* ReminderToggleStyle.swift */,
			);
			path = Styles;
			sourceTree = "<group>";
		};
/* End PBXGroup section */

/* Begin PBXNativeTarget section */
		1FCD2C572B891CD0003EFA7E /* MakeItSo */ = {
			isa = PBXNativeTarget;
			buildConfigurationList = 1FCD2C7C2B891CD2003EFA7E /* Build configuration list for PBXNativeTarget "MakeItSo" */;
			buildPhases = (
				1FCD2C542B891CD0003EFA7E /* Sources */,
				1FCD2C552B891CD0003EFA7E /* Frameworks */,
				1FCD2C562B891CD0003EFA7E /* Resources */,
			);
			buildRules = (
			);
			dependencies = (
			);
			name = MakeItSo;
			packageProductDependencies = (
				1F310C8F2B8C9A580063ECAB /* FirebaseAnalytics */,
				1F310C912B8C9A580063ECAB /* FirebaseAnalyticsSwift */,
				1F310C932B8C9A580063ECAB /* FirebaseAuth */,
				1F310C952B8C9A580063ECAB /* FirebaseFirestore */,
				1F310C972B8C9A580063ECAB /* FirebaseFirestoreSwift */,
			);
			productName = MakeItSo;
			productReference = 1FCD2C582B891CD0003EFA7E /* MakeItSo.app */;
			productType = "com.apple.product-type.application";
		};
		1FCD2C672B891CD2003EFA7E /* MakeItSoTests */ = {
			isa = PBXNativeTarget;
			buildConfigurationList = 1FCD2C7F2B891CD2003EFA7E /* Build configuration list for PBXNativeTarget "MakeItSoTests" */;
			buildPhases = (
				1FCD2C642B891CD2003EFA7E /* Sources */,
				1FCD2C652B891CD2003EFA7E /* Frameworks */,
				1FCD2C662B891CD2003EFA7E /* Resources */,
			);
			buildRules = (
			);
			dependencies = (
				1FCD2C6A2B891CD2003EFA7E /* PBXTargetDependency */,
			);
			name = MakeItSoTests;
			productName = MakeItSoTests;
			productReference = 1FCD2C682B891CD2003EFA7E /* MakeItSoTests.xctest */;
			productType = "com.apple.product-type.bundle.unit-test";
		};
		1FCD2C712B891CD2003EFA7E /* MakeItSoUITests */ = {
			isa = PBXNativeTarget;
			buildConfigurationList = 1FCD2C822B891CD2003EFA7E /* Build configuration list for PBXNativeTarget "MakeItSoUITests" */;
			buildPhases = (
				1FCD2C6E2B891CD2003EFA7E /* Sources */,
				1FCD2C6F2B891CD2003EFA7E /* Frameworks */,
				1FCD2C702B891CD2003EFA7E /* Resources */,
			);
			buildRules = (
			);
			dependencies = (
				1FCD2C742B891CD2003EFA7E /* PBXTargetDependency */,
			);
			name = MakeItSoUITests;
			productName = MakeItSoUITests;
			productReference = 1FCD2C722B891CD2003EFA7E /* MakeItSoUITests.xctest */;
			productType = "com.apple.product-type.bundle.ui-testing";
		};
/* End PBXNativeTarget section */

/* Begin PBXProject section */
		1FCD2C502B891CD0003EFA7E /* Project object */ = {
			isa = PBXProject;
			attributes = {
				BuildIndependentTargetsInParallel = 1;
				LastSwiftUpdateCheck = 1520;
				LastUpgradeCheck = 1520;
				TargetAttributes = {
					1FCD2C572B891CD0003EFA7E = {
						CreatedOnToolsVersion = 15.2;
					};
					1FCD2C672B891CD2003EFA7E = {
						CreatedOnToolsVersion = 15.2;
						TestTargetID = 1FCD2C572B891CD0003EFA7E;
					};
					1FCD2C712B891CD2003EFA7E = {
						CreatedOnToolsVersion = 15.2;
						TestTargetID = 1FCD2C572B891CD0003EFA7E;
					};
				};
			};
			buildConfigurationList = 1FCD2C532B891CD0003EFA7E /* Build configuration list for PBXProject "MakeItSo" */;
			compatibilityVersion = "Xcode 14.0";
			developmentRegion = en;
			hasScannedForEncodings = 0;
			knownRegions = (
				en,
				Base,
			);
			mainGroup = 1FCD2C4F2B891CD0003EFA7E;
			packageReferences = (
				1F310C8E2B8C9A580063ECAB /* XCRemoteSwiftPackageReference "firebase-ios-sdk" */,
			);
			productRefGroup = 1FCD2C592B891CD0003EFA7E /* Products */;
			projectDirPath = "";
			projectRoot = "";
			targets = (
				1FCD2C572B891CD0003EFA7E /* MakeItSo */,
				1FCD2C672B891CD2003EFA7E /* MakeItSoTests */,
				1FCD2C712B891CD2003EFA7E /* MakeItSoUITests */,
			);
		};
/* End PBXProject section */

/* Begin PBXResourcesBuildPhase section */
		1FCD2C562B891CD0003EFA7E /* Resources */ = {
			isa = PBXResourcesBuildPhase;
			buildActionMask = 2147483647;
			files = (
				1FCD2C632B891CD2003EFA7E /* Preview Assets.xcassets in Resources */,
				1FCD2C602B891CD2003EFA7E /* Assets.xcassets in Resources */,
				1FBC3E8A2B8CDD5700503686 /* GoogleService-Info.plist in Resources */,
			);
			runOnlyForDeploymentPostprocessing = 0;
		};
		1FCD2C662B891CD2003EFA7E /* Resources */ = {
			isa = PBXResourcesBuildPhase;
			buildActionMask = 2147483647;
			files = (
			);
			runOnlyForDeploymentPostprocessing = 0;
		};
		1FCD2C702B891CD2003EFA7E /* Resources */ = {
			isa = PBXResourcesBuildPhase;
			buildActionMask = 2147483647;
			files = (
			);
			runOnlyForDeploymentPostprocessing = 0;
		};
/* End PBXResourcesBuildPhase section */

/* Begin PBXSourcesBuildPhase section */
		1FCD2C542B891CD0003EFA7E /* Sources */ = {
			isa = PBXSourcesBuildPhase;
			buildActionMask = 2147483647;
			files = (
				1FCD2C942B8A3B7F003EFA7E /* ReminderToggleStyle.swift in Sources */,
				1FCD2C8F2B892984003EFA7E /* RemindersListViewModel.swift in Sources */,
				1FCD2C912B892E7D003EFA7E /* RemindersListRowView.swift in Sources */,
				1FCD2C862B891D02003EFA7E /* Reminder.swift in Sources */,
				1FCD2C5E2B891CD0003EFA7E /* RemindersListView.swift in Sources */,
				1FCD2C882B8920A1003EFA7E /* AddReminderView.swift in Sources */,
				1FCD2C5C2B891CD0003EFA7E /* MakeItSoApp.swift in Sources */,
			);
			runOnlyForDeploymentPostprocessing = 0;
		};
		1FCD2C642B891CD2003EFA7E /* Sources */ = {
			isa = PBXSourcesBuildPhase;
			buildActionMask = 2147483647;
			files = (
				1FCD2C6D2B891CD2003EFA7E /* MakeItSoTests.swift in Sources */,
			);
			runOnlyForDeploymentPostprocessing = 0;
		};
		1FCD2C6E2B891CD2003EFA7E /* Sources */ = {
			isa = PBXSourcesBuildPhase;
			buildActionMask = 2147483647;
			files = (
				1FCD2C792B891CD2003EFA7E /* MakeItSoUITestsLaunchTests.swift in Sources */,
				1FCD2C772B891CD2003EFA7E /* MakeItSoUITests.swift in Sources */,
			);
			runOnlyForDeploymentPostprocessing = 0;
		};
/* End PBXSourcesBuildPhase section */

/* Begin PBXTargetDependency section */
		1FCD2C6A2B891CD2003EFA7E /* PBXTargetDependency */ = {
			isa = PBXTargetDependency;
			target = 1FCD2C572B891CD0003EFA7E /* MakeItSo */;
			targetProxy = 1FCD2C692B891CD2003EFA7E /* PBXContainerItemProxy */;
		};
		1FCD2C742B891CD2003EFA7E /* PBXTargetDependency */ = {
			isa = PBXTargetDependency;
			target = 1FCD2C572B891CD0003EFA7E /* MakeItSo */;
			targetProxy = 1FCD2C732B891CD2003EFA7E /* PBXContainerItemProxy */;
		};
/* End PBXTargetDependency section */

/* Begin XCBuildConfiguration section */
		1FCD2C7A2B891CD2003EFA7E /* Debug */ = {
			isa = XCBuildConfiguration;
			buildSettings = {
				ALWAYS_SEARCH_USER_PATHS = NO;
				ASSETCATALOG_COMPILER_GENERATE_SWIFT_ASSET_SYMBOL_EXTENSIONS = YES;
				CLANG_ANALYZER_NONNULL = YES;
				CLANG_ANALYZER_NUMBER_OBJECT_CONVERSION = YES_AGGRESSIVE;
				CLANG_CXX_LANGUAGE_STANDARD = "gnu++20";
				CLANG_ENABLE_MODULES = YES;
				CLANG_ENABLE_OBJC_ARC = YES;
				CLANG_ENABLE_OBJC_WEAK = YES;
				CLANG_WARN_BLOCK_CAPTURE_AUTORELEASING = YES;
				CLANG_WARN_BOOL_CONVERSION = YES;
				CLANG_WARN_COMMA = YES;
				CLANG_WARN_CONSTANT_CONVERSION = YES;
				CLANG_WARN_DEPRECATED_OBJC_IMPLEMENTATIONS = YES;
				CLANG_WARN_DIRECT_OBJC_ISA_USAGE = YES_ERROR;
				CLANG_WARN_DOCUMENTATION_COMMENTS = YES;
				CLANG_WARN_EMPTY_BODY = YES;
				CLANG_WARN_ENUM_CONVERSION = YES;
				CLANG_WARN_INFINITE_RECURSION = YES;
				CLANG_WARN_INT_CONVERSION = YES;
				CLANG_WARN_NON_LITERAL_NULL_CONVERSION = YES;
				CLANG_WARN_OBJC_IMPLICIT_RETAIN_SELF = YES;
				CLANG_WARN_OBJC_LITERAL_CONVERSION = YES;
				CLANG_WARN_OBJC_ROOT_CLASS = YES_ERROR;
				CLANG_WARN_QUOTED_INCLUDE_IN_FRAMEWORK_HEADER = YES;
				CLANG_WARN_RANGE_LOOP_ANALYSIS = YES;
				CLANG_WARN_STRICT_PROTOTYPES = YES;
				CLANG_WARN_SUSPICIOUS_MOVE = YES;
				CLANG_WARN_UNGUARDED_AVAILABILITY = YES_AGGRESSIVE;
				CLANG_WARN_UNREACHABLE_CODE = YES;
				CLANG_WARN__DUPLICATE_METHOD_MATCH = YES;
				COPY_PHASE_STRIP = NO;
				DEBUG_INFORMATION_FORMAT = dwarf;
				ENABLE_STRICT_OBJC_MSGSEND = YES;
				ENABLE_TESTABILITY = YES;
				ENABLE_USER_SCRIPT_SANDBOXING = YES;
				GCC_C_LANGUAGE_STANDARD = gnu17;
				GCC_DYNAMIC_NO_PIC = NO;
				GCC_NO_COMMON_BLOCKS = YES;
				GCC_OPTIMIZATION_LEVEL = 0;
				GCC_PREPROCESSOR_DEFINITIONS = (
					"DEBUG=1",
					"$(inherited)",
				);
				GCC_WARN_64_TO_32_BIT_CONVERSION = YES;
				GCC_WARN_ABOUT_RETURN_TYPE = YES_ERROR;
				GCC_WARN_UNDECLARED_SELECTOR = YES;
				GCC_WARN_UNINITIALIZED_AUTOS = YES_AGGRESSIVE;
				GCC_WARN_UNUSED_FUNCTION = YES;
				GCC_WARN_UNUSED_VARIABLE = YES;
				IPHONEOS_DEPLOYMENT_TARGET = 17.2;
				LOCALIZATION_PREFERS_STRING_CATALOGS = YES;
				MTL_ENABLE_DEBUG_INFO = INCLUDE_SOURCE;
				MTL_FAST_MATH = YES;
				ONLY_ACTIVE_ARCH = YES;
				SDKROOT = iphoneos;
				SWIFT_ACTIVE_COMPILATION_CONDITIONS = "DEBUG $(inherited)";
				SWIFT_OPTIMIZATION_LEVEL = "-Onone";
			};
			name = Debug;
		};
		1FCD2C7B2B891CD2003EFA7E /* Release */ = {
			isa = XCBuildConfiguration;
			buildSettings = {
				ALWAYS_SEARCH_USER_PATHS = NO;
				ASSETCATALOG_COMPILER_GENERATE_SWIFT_ASSET_SYMBOL_EXTENSIONS = YES;
				CLANG_ANALYZER_NONNULL = YES;
				CLANG_ANALYZER_NUMBER_OBJECT_CONVERSION = YES_AGGRESSIVE;
				CLANG_CXX_LANGUAGE_STANDARD = "gnu++20";
				CLANG_ENABLE_MODULES = YES;
				CLANG_ENABLE_OBJC_ARC = YES;
				CLANG_ENABLE_OBJC_WEAK = YES;
				CLANG_WARN_BLOCK_CAPTURE_AUTORELEASING = YES;
				CLANG_WARN_BOOL_CONVERSION = YES;
				CLANG_WARN_COMMA = YES;
				CLANG_WARN_CONSTANT_CONVERSION = YES;
				CLANG_WARN_DEPRECATED_OBJC_IMPLEMENTATIONS = YES;
				CLANG_WARN_DIRECT_OBJC_ISA_USAGE = YES_ERROR;
				CLANG_WARN_DOCUMENTATION_COMMENTS = YES;
				CLANG_WARN_EMPTY_BODY = YES;
				CLANG_WARN_ENUM_CONVERSION = YES;
				CLANG_WARN_INFINITE_RECURSION = YES;
				CLANG_WARN_INT_CONVERSION = YES;
				CLANG_WARN_NON_LITERAL_NULL_CONVERSION = YES;
				CLANG_WARN_OBJC_IMPLICIT_RETAIN_SELF = YES;
				CLANG_WARN_OBJC_LITERAL_CONVERSION = YES;
				CLANG_WARN_OBJC_ROOT_CLASS = YES_ERROR;
				CLANG_WARN_QUOTED_INCLUDE_IN_FRAMEWORK_HEADER = YES;
				CLANG_WARN_RANGE_LOOP_ANALYSIS = YES;
				CLANG_WARN_STRICT_PROTOTYPES = YES;
				CLANG_WARN_SUSPICIOUS_MOVE = YES;
				CLANG_WARN_UNGUARDED_AVAILABILITY = YES_AGGRESSIVE;
				CLANG_WARN_UNREACHABLE_CODE = YES;
				CLANG_WARN__DUPLICATE_METHOD_MATCH = YES;
				COPY_PHASE_STRIP = NO;
				DEBUG_INFORMATION_FORMAT = "dwarf-with-dsym";
				ENABLE_NS_ASSERTIONS = NO;
				ENABLE_STRICT_OBJC_MSGSEND = YES;
				ENABLE_USER_SCRIPT_SANDBOXING = YES;
				GCC_C_LANGUAGE_STANDARD = gnu17;
				GCC_NO_COMMON_BLOCKS = YES;
				GCC_WARN_64_TO_32_BIT_CONVERSION = YES;
				GCC_WARN_ABOUT_RETURN_TYPE = YES_ERROR;
				GCC_WARN_UNDECLARED_SELECTOR = YES;
				GCC_WARN_UNINITIALIZED_AUTOS = YES_AGGRESSIVE;
				GCC_WARN_UNUSED_FUNCTION = YES;
				GCC_WARN_UNUSED_VARIABLE = YES;
				IPHONEOS_DEPLOYMENT_TARGET = 17.2;
				LOCALIZATION_PREFERS_STRING_CATALOGS = YES;
				MTL_ENABLE_DEBUG_INFO = NO;
				MTL_FAST_MATH = YES;
				SDKROOT = iphoneos;
				SWIFT_COMPILATION_MODE = wholemodule;
				VALIDATE_PRODUCT = YES;
			};
			name = Release;
		};
		1FCD2C7D2B891CD2003EFA7E /* Debug */ = {
			isa = XCBuildConfiguration;
			buildSettings = {
				ASSETCATALOG_COMPILER_APPICON_NAME = AppIcon;
				ASSETCATALOG_COMPILER_GLOBAL_ACCENT_COLOR_NAME = AccentColor;
				CODE_SIGN_STYLE = Automatic;
				CURRENT_PROJECT_VERSION = 1;
				DEVELOPMENT_ASSET_PATHS = "\"MakeItSo/Preview Content\"";
				DEVELOPMENT_TEAM = P3K32DW2KW;
				ENABLE_PREVIEWS = YES;
				GENERATE_INFOPLIST_FILE = YES;
				INFOPLIST_KEY_LSApplicationCategoryType = "public.app-category.productivity";
				INFOPLIST_KEY_UIApplicationSceneManifest_Generation = YES;
				INFOPLIST_KEY_UIApplicationSupportsIndirectInputEvents = YES;
				INFOPLIST_KEY_UILaunchScreen_Generation = YES;
				INFOPLIST_KEY_UISupportedInterfaceOrientations_iPad = "UIInterfaceOrientationPortrait UIInterfaceOrientationPortraitUpsideDown UIInterfaceOrientationLandscapeLeft UIInterfaceOrientationLandscapeRight";
				INFOPLIST_KEY_UISupportedInterfaceOrientations_iPhone = "UIInterfaceOrientationPortrait UIInterfaceOrientationLandscapeLeft UIInterfaceOrientationLandscapeRight";
				LD_RUNPATH_SEARCH_PATHS = (
					"$(inherited)",
					"@executable_path/Frameworks",
				);
				MARKETING_VERSION = 1.0;
				PRODUCT_BUNDLE_IDENTIFIER = cz.marcel.MakeItSo;
				PRODUCT_NAME = "$(TARGET_NAME)";
				SWIFT_EMIT_LOC_STRINGS = YES;
				SWIFT_VERSION = 5.0;
				TARGETED_DEVICE_FAMILY = "1,2";
			};
			name = Debug;
		};
		1FCD2C7E2B891CD2003EFA7E /* Release */ = {
			isa = XCBuildConfiguration;
			buildSettings = {
				ASSETCATALOG_COMPILER_APPICON_NAME = AppIcon;
				ASSETCATALOG_COMPILER_GLOBAL_ACCENT_COLOR_NAME = AccentColor;
				CODE_SIGN_STYLE = Automatic;
				CURRENT_PROJECT_VERSION = 1;
				DEVELOPMENT_ASSET_PATHS = "\"MakeItSo/Preview Content\"";
				DEVELOPMENT_TEAM = P3K32DW2KW;
				ENABLE_PREVIEWS = YES;
				GENERATE_INFOPLIST_FILE = YES;
				INFOPLIST_KEY_LSApplicationCategoryType = "public.app-category.productivity";
				INFOPLIST_KEY_UIApplicationSceneManifest_Generation = YES;
				INFOPLIST_KEY_UIApplicationSupportsIndirectInputEvents = YES;
				INFOPLIST_KEY_UILaunchScreen_Generation = YES;
				INFOPLIST_KEY_UISupportedInterfaceOrientations_iPad = "UIInterfaceOrientationPortrait UIInterfaceOrientationPortraitUpsideDown UIInterfaceOrientationLandscapeLeft UIInterfaceOrientationLandscapeRight";
				INFOPLIST_KEY_UISupportedInterfaceOrientations_iPhone = "UIInterfaceOrientationPortrait UIInterfaceOrientationLandscapeLeft UIInterfaceOrientationLandscapeRight";
				LD_RUNPATH_SEARCH_PATHS = (
					"$(inherited)",
					"@executable_path/Frameworks",
				);
				MARKETING_VERSION = 1.0;
				PRODUCT_BUNDLE_IDENTIFIER = cz.marcel.MakeItSo;
				PRODUCT_NAME = "$(TARGET_NAME)";
				SWIFT_EMIT_LOC_STRINGS = YES;
				SWIFT_VERSION = 5.0;
				TARGETED_DEVICE_FAMILY = "1,2";
			};
			name = Release;
		};
		1FCD2C802B891CD2003EFA7E /* Debug */ = {
			isa = XCBuildConfiguration;
			buildSettings = {
				ALWAYS_EMBED_SWIFT_STANDARD_LIBRARIES = YES;
				BUNDLE_LOADER = "$(TEST_HOST)";
				CODE_SIGN_STYLE = Automatic;
				CURRENT_PROJECT_VERSION = 1;
				DEVELOPMENT_TEAM = P3K32DW2KW;
				GENERATE_INFOPLIST_FILE = YES;
				IPHONEOS_DEPLOYMENT_TARGET = 17.2;
				MARKETING_VERSION = 1.0;
				PRODUCT_BUNDLE_IDENTIFIER = com.marcel.MakeItSoTests;
				PRODUCT_NAME = "$(TARGET_NAME)";
				SWIFT_EMIT_LOC_STRINGS = NO;
				SWIFT_VERSION = 5.0;
				TARGETED_DEVICE_FAMILY = "1,2";
				TEST_HOST = "$(BUILT_PRODUCTS_DIR)/MakeItSo.app/$(BUNDLE_EXECUTABLE_FOLDER_PATH)/MakeItSo";
			};
			name = Debug;
		};
		1FCD2C812B891CD2003EFA7E /* Release */ = {
			isa = XCBuildConfiguration;
			buildSettings = {
				ALWAYS_EMBED_SWIFT_STANDARD_LIBRARIES = YES;
				BUNDLE_LOADER = "$(TEST_HOST)";
				CODE_SIGN_STYLE = Automatic;
				CURRENT_PROJECT_VERSION = 1;
				DEVELOPMENT_TEAM = P3K32DW2KW;
				GENERATE_INFOPLIST_FILE = YES;
				IPHONEOS_DEPLOYMENT_TARGET = 17.2;
				MARKETING_VERSION = 1.0;
				PRODUCT_BUNDLE_IDENTIFIER = com.marcel.MakeItSoTests;
				PRODUCT_NAME = "$(TARGET_NAME)";
				SWIFT_EMIT_LOC_STRINGS = NO;
				SWIFT_VERSION = 5.0;
				TARGETED_DEVICE_FAMILY = "1,2";
				TEST_HOST = "$(BUILT_PRODUCTS_DIR)/MakeItSo.app/$(BUNDLE_EXECUTABLE_FOLDER_PATH)/MakeItSo";
			};
			name = Release;
		};
		1FCD2C832B891CD2003EFA7E /* Debug */ = {
			isa = XCBuildConfiguration;
			buildSettings = {
				ALWAYS_EMBED_SWIFT_STANDARD_LIBRARIES = YES;
				CODE_SIGN_STYLE = Automatic;
				CURRENT_PROJECT_VERSION = 1;
				DEVELOPMENT_TEAM = P3K32DW2KW;
				GENERATE_INFOPLIST_FILE = YES;
				MARKETING_VERSION = 1.0;
				PRODUCT_BUNDLE_IDENTIFIER = com.marcel.MakeItSoUITests;
				PRODUCT_NAME = "$(TARGET_NAME)";
				SWIFT_EMIT_LOC_STRINGS = NO;
				SWIFT_VERSION = 5.0;
				TARGETED_DEVICE_FAMILY = "1,2";
				TEST_TARGET_NAME = MakeItSo;
			};
			name = Debug;
		};
		1FCD2C842B891CD2003EFA7E /* Release */ = {
			isa = XCBuildConfiguration;
			buildSettings = {
				ALWAYS_EMBED_SWIFT_STANDARD_LIBRARIES = YES;
				CODE_SIGN_STYLE = Automatic;
				CURRENT_PROJECT_VERSION = 1;
				DEVELOPMENT_TEAM = P3K32DW2KW;
				GENERATE_INFOPLIST_FILE = YES;
				MARKETING_VERSION = 1.0;
				PRODUCT_BUNDLE_IDENTIFIER = com.marcel.MakeItSoUITests;
				PRODUCT_NAME = "$(TARGET_NAME)";
				SWIFT_EMIT_LOC_STRINGS = NO;
				SWIFT_VERSION = 5.0;
				TARGETED_DEVICE_FAMILY = "1,2";
				TEST_TARGET_NAME = MakeItSo;
			};
			name = Release;
		};
/* End XCBuildConfiguration section */

/* Begin XCConfigurationList section */
		1FCD2C532B891CD0003EFA7E /* Build configuration list for PBXProject "MakeItSo" */ = {
			isa = XCConfigurationList;
			buildConfigurations = (
				1FCD2C7A2B891CD2003EFA7E /* Debug */,
				1FCD2C7B2B891CD2003EFA7E /* Release */,
			);
			defaultConfigurationIsVisible = 0;
			defaultConfigurationName = Release;
		};
		1FCD2C7C2B891CD2003EFA7E /* Build configuration list for PBXNativeTarget "MakeItSo" */ = {
			isa = XCConfigurationList;
			buildConfigurations = (
				1FCD2C7D2B891CD2003EFA7E /* Debug */,
				1FCD2C7E2B891CD2003EFA7E /* Release */,
			);
			defaultConfigurationIsVisible = 0;
			defaultConfigurationName = Release;
		};
		1FCD2C7F2B891CD2003EFA7E /* Build configuration list for PBXNativeTarget "MakeItSoTests" */ = {
			isa = XCConfigurationList;
			buildConfigurations = (
				1FCD2C802B891CD2003EFA7E /* Debug */,
				1FCD2C812B891CD2003EFA7E /* Release */,
			);
			defaultConfigurationIsVisible = 0;
			defaultConfigurationName = Release;
		};
		1FCD2C822B891CD2003EFA7E /* Build configuration list for PBXNativeTarget "MakeItSoUITests" */ = {
			isa = XCConfigurationList;
			buildConfigurations = (
				1FCD2C832B891CD2003EFA7E /* Debug */,
				1FCD2C842B891CD2003EFA7E /* Release */,
			);
			defaultConfigurationIsVisible = 0;
			defaultConfigurationName = Release;
		};
/* End XCConfigurationList section */

/* Begin XCRemoteSwiftPackageReference section */
		1F310C8E2B8C9A580063ECAB /* XCRemoteSwiftPackageReference "firebase-ios-sdk" */ = {
			isa = XCRemoteSwiftPackageReference;
			repositoryURL = "https://github.com/firebase/firebase-ios-sdk";
			requirement = {
				kind = upToNextMajorVersion;
				minimumVersion = 10.21.0;
			};
		};
/* End XCRemoteSwiftPackageReference section */

/* Begin XCSwiftPackageProductDependency section */
		1F310C8F2B8C9A580063ECAB /* FirebaseAnalytics */ = {
			isa = XCSwiftPackageProductDependency;
			package = 1F310C8E2B8C9A580063ECAB /* XCRemoteSwiftPackageReference "firebase-ios-sdk" */;
			productName = FirebaseAnalytics;
		};
		1F310C912B8C9A580063ECAB /* FirebaseAnalyticsSwift */ = {
			isa = XCSwiftPackageProductDependency;
			package = 1F310C8E2B8C9A580063ECAB /* XCRemoteSwiftPackageReference "firebase-ios-sdk" */;
			productName = FirebaseAnalyticsSwift;
		};
		1F310C932B8C9A580063ECAB /* FirebaseAuth */ = {
			isa = XCSwiftPackageProductDependency;
			package = 1F310C8E2B8C9A580063ECAB /* XCRemoteSwiftPackageReference "firebase-ios-sdk" */;
			productName = FirebaseAuth;
		};
		1F310C952B8C9A580063ECAB /* FirebaseFirestore */ = {
			isa = XCSwiftPackageProductDependency;
			package = 1F310C8E2B8C9A580063ECAB /* XCRemoteSwiftPackageReference "firebase-ios-sdk" */;
			productName = FirebaseFirestore;
		};
		1F310C972B8C9A580063ECAB /* FirebaseFirestoreSwift */ = {
			isa = XCSwiftPackageProductDependency;
			package = 1F310C8E2B8C9A580063ECAB /* XCRemoteSwiftPackageReference "firebase-ios-sdk" */;
			productName = FirebaseFirestoreSwift;
		};
/* End XCSwiftPackageProductDependency section */
	};
	rootObject = 1FCD2C502B891CD0003EFA7E /* Project object */;
}
